<?xml version="1.0" encoding="utf-8"?>
<Project ToolsVersion="4.0" xmlns="http://schemas.microsoft.com/developer/msbuild/2003">
  <ItemGroup>
    <Filter Include="source">
      <UniqueIdentifier>{db81cc44-58c1-457a-8b73-b69a0dfa259a}</UniqueIdentifier>
    </Filter>
    <Filter Include="source\system">
      <UniqueIdentifier>{d050c39a-8943-4c3b-9eb2-7855d0717734}</UniqueIdentifier>
    </Filter>
    <Filter Include="source\logger">
      <UniqueIdentifier>{2f9b161c-8545-498d-8789-3da0f19046c7}</UniqueIdentifier>
    </Filter>
    <Filter Include="source\python">
      <UniqueIdentifier>{abf4b48f-33a9-4578-b18f-817c7ebaafb8}</UniqueIdentifier>
    </Filter>
    <Filter Include="source\market">
      <UniqueIdentifier>{e638e700-770b-4daf-a005-71eb3c19510e}</UniqueIdentifier>
    </Filter>
    <Filter Include="source\detail">
      <UniqueIdentifier>{cafae10b-7b23-4aa4-aa40-ec9a3795a401}</UniqueIdentifier>
    </Filter>
    <Filter Include="source\detail\julia">
      <UniqueIdentifier>{26fcbaf6-bbff-4745-b221-8145986c8278}</UniqueIdentifier>
    </Filter>
    <Filter Include="source\config">
      <UniqueIdentifier>{341d0309-fd24-4834-a08f-3b274654360d}</UniqueIdentifier>
    </Filter>
    <Filter Include="source\market\source">
      <UniqueIdentifier>{0f0e1f29-0775-4c13-948a-775898390580}</UniqueIdentifier>
    </Filter>
    <Filter Include="source\market\indicators">
      <UniqueIdentifier>{4837ddbd-2f26-463b-80f9-5961dbb32f5f}</UniqueIdentifier>
    </Filter>
    <Filter Include="source\market\candle">
      <UniqueIdentifier>{95eb5586-9822-4d99-a4ff-831daa2ba3c4}</UniqueIdentifier>
    </Filter>
    <Filter Include="source\market\indicators\sma">
      <UniqueIdentifier>{b5b02967-c2c2-4bf2-898c-135e6329c1b1}</UniqueIdentifier>
    </Filter>
    <Filter Include="source\market\indicators\ema">
      <UniqueIdentifier>{5d5647e7-f7e3-4c56-8bd4-3fb76dedb126}</UniqueIdentifier>
    </Filter>
    <Filter Include="source\market\indicators\ama">
      <UniqueIdentifier>{d250ba1b-63a6-464d-a4cc-c9072c748e7e}</UniqueIdentifier>
    </Filter>
    <Filter Include="source\market\indicators\dema">
      <UniqueIdentifier>{d513fb6f-0037-4bc4-856f-5d9ab43a61da}</UniqueIdentifier>
    </Filter>
    <Filter Include="source\market\indicators\tema">
      <UniqueIdentifier>{6dc7792d-1fa9-4542-8f2b-903a6971a8ce}</UniqueIdentifier>
    </Filter>
    <Filter Include="source\market\indicators\wma">
      <UniqueIdentifier>{45519cab-459c-4b27-a28d-1f17da667273}</UniqueIdentifier>
    </Filter>
    <Filter Include="source\market\indicators\vwma">
      <UniqueIdentifier>{743a48f4-5c56-48ab-8b2b-1b820a8cc034}</UniqueIdentifier>
    </Filter>
    <Filter Include="source\market\oscillators">
      <UniqueIdentifier>{a34c46a5-cc88-4504-affe-74ee37c95516}</UniqueIdentifier>
    </Filter>
    <Filter Include="source\market\oscillators\macd">
      <UniqueIdentifier>{b218b71e-d939-4783-b970-c9efe4abf00c}</UniqueIdentifier>
    </Filter>
    <Filter Include="source\market\oscillators\aroon">
      <UniqueIdentifier>{e7c48343-7901-4405-837c-9b4ea8ae6867}</UniqueIdentifier>
    </Filter>
    <Filter Include="source\market\oscillators\cmo">
      <UniqueIdentifier>{5d551548-a51a-405e-b168-d0419c1632c4}</UniqueIdentifier>
    </Filter>
    <Filter Include="source\market\oscillators\cci">
      <UniqueIdentifier>{3759f0d6-c852-4efa-9ff6-f66060d9f2f4}</UniqueIdentifier>
    </Filter>
    <Filter Include="source\market\oscillators\dmi">
      <UniqueIdentifier>{aa8789b3-3903-47de-857f-8da94601f815}</UniqueIdentifier>
    </Filter>
    <Filter Include="source\market\oscillators\emv">
      <UniqueIdentifier>{81b96bbc-e636-4e34-b588-7555d605b7c1}</UniqueIdentifier>
    </Filter>
    <Filter Include="source\market\oscillators\eri">
      <UniqueIdentifier>{387e65ff-e5b3-417f-8a5e-64c222c6d1a3}</UniqueIdentifier>
    </Filter>
    <Filter Include="source\market\oscillators\efi">
      <UniqueIdentifier>{e994327e-64d1-4dd1-914b-c253418473b9}</UniqueIdentifier>
    </Filter>
    <Filter Include="source\market\oscillators\cpc">
      <UniqueIdentifier>{671f0443-3a34-41fd-ae58-39ce1d7806ef}</UniqueIdentifier>
    </Filter>
    <Filter Include="source\market\indicators\bbs">
      <UniqueIdentifier>{e0200499-2460-4a32-8d7d-16f660131f65}</UniqueIdentifier>
    </Filter>
    <Filter Include="source\market\oscillators\kvo">
      <UniqueIdentifier>{468f8ee8-52ec-4993-8204-70b392b74885}</UniqueIdentifier>
    </Filter>
    <Filter Include="source\market\oscillators\kst">
      <UniqueIdentifier>{0eb1f1be-9e8c-42e0-bdac-9f634cd46589}</UniqueIdentifier>
    </Filter>
    <Filter Include="source\market\oscillators\plo">
      <UniqueIdentifier>{c02a4988-a4c2-483c-8018-9f9ca9e1f543}</UniqueIdentifier>
    </Filter>
  </ItemGroup>
  <ItemGroup>
    <ClCompile Include="..\source\main.cpp">
      <Filter>source</Filter>
    </ClCompile>
    <ClCompile Include="..\source\system\system.cpp">
      <Filter>source\system</Filter>
    </ClCompile>
    <ClCompile Include="..\..\shared\source\logger\logger.cpp">
      <Filter>source\logger</Filter>
    </ClCompile>
    <ClCompile Include="..\..\shared\source\python\python.cpp">
      <Filter>source\python</Filter>
    </ClCompile>
    <ClCompile Include="..\source\market\market.cpp">
      <Filter>source\market</Filter>
    </ClCompile>
    <ClCompile Include="..\source\market\source\source.cpp">
      <Filter>source\market\source</Filter>
    </ClCompile>
    <ClCompile Include="..\source\market\candle\candle.cpp">
      <Filter>source\market\candle</Filter>
    </ClCompile>
    <ClCompile Include="..\source\market\indicators\sma\sma.cpp">
      <Filter>source\market\indicators\sma</Filter>
    </ClCompile>
    <ClCompile Include="..\source\market\indicators\ema\ema.cpp">
      <Filter>source\market\indicators\ema</Filter>
    </ClCompile>
    <ClCompile Include="..\source\market\indicators\ama\ama.cpp">
      <Filter>source\market\indicators\ama</Filter>
    </ClCompile>
    <ClCompile Include="..\source\market\indicators\dema\dema.cpp">
      <Filter>source\market\indicators\dema</Filter>
    </ClCompile>
    <ClCompile Include="..\source\market\indicators\tema\tema.cpp">
      <Filter>source\market\indicators\tema</Filter>
    </ClCompile>
    <ClCompile Include="..\source\market\indicators\wma\wma.cpp">
      <Filter>source\market\indicators\wma</Filter>
    </ClCompile>
    <ClCompile Include="..\source\market\indicators\vwma\vwma.cpp">
      <Filter>source\market\indicators\vwma</Filter>
    </ClCompile>
    <ClCompile Include="..\source\market\oscillators\macd\macd.cpp">
      <Filter>source\market\oscillators\macd</Filter>
    </ClCompile>
    <ClCompile Include="..\source\market\oscillators\aroon\aroon.cpp">
      <Filter>source\market\oscillators\aroon</Filter>
    </ClCompile>
    <ClCompile Include="..\source\market\oscillators\cmo\cmo.cpp">
      <Filter>source\market\oscillators\cmo</Filter>
    </ClCompile>
    <ClCompile Include="..\source\market\oscillators\cci\cci.cpp">
      <Filter>source\market\oscillators\cci</Filter>
    </ClCompile>
    <ClCompile Include="..\source\market\oscillators\dmi\dmi.cpp">
      <Filter>source\market\oscillators\dmi</Filter>
    </ClCompile>
    <ClCompile Include="..\source\market\oscillators\emv\emv.cpp">
      <Filter>source\market\oscillators\emv</Filter>
    </ClCompile>
    <ClCompile Include="..\source\market\oscillators\eri\eri.cpp">
      <Filter>source\market\oscillators\eri</Filter>
    </ClCompile>
    <ClCompile Include="..\source\market\oscillators\efi\efi.cpp">
      <Filter>source\market\oscillators\efi</Filter>
    </ClCompile>
    <ClCompile Include="..\source\market\oscillators\cpc\cpc.cpp">
      <Filter>source\market\oscillators\cpc</Filter>
    </ClCompile>
    <ClCompile Include="..\source\market\indicators\bbs\bbs.cpp">
      <Filter>source\market\indicators\bbs</Filter>
    </ClCompile>
    <ClCompile Include="..\source\market\oscillators\kvo\kvo.cpp">
      <Filter>source\market\oscillators\kvo</Filter>
    </ClCompile>
    <ClCompile Include="..\source\market\oscillators\kst\kst.cpp">
      <Filter>source\market\oscillators\kst</Filter>
    </ClCompile>
    <ClCompile Include="..\source\market\oscillators\plo\plo.cpp">
      <Filter>source\market\oscillators\plo</Filter>
    </ClCompile>
  </ItemGroup>
  <ItemGroup>
    <ClInclude Include="..\source\system\system.hpp">
      <Filter>source\system</Filter>
    </ClInclude>
    <ClInclude Include="..\..\shared\source\logger\logger.hpp">
      <Filter>source\logger</Filter>
    </ClInclude>
    <ClInclude Include="..\..\shared\source\python\python.hpp">
      <Filter>source\python</Filter>
    </ClInclude>
    <ClInclude Include="..\source\market\market.hpp">
      <Filter>source\market</Filter>
    </ClInclude>
    <ClInclude Include="..\source\detail\julia\state.hpp">
      <Filter>source\detail\julia</Filter>
    </ClInclude>
    <ClInclude Include="..\source\config\config.hpp">
      <Filter>source\config</Filter>
    </ClInclude>
    <ClInclude Include="..\source\market\source\source.hpp">
      <Filter>source\market\source</Filter>
    </ClInclude>
    <ClInclude Include="..\source\market\indicators\indicators.hpp">
      <Filter>source\market\indicators</Filter>
    </ClInclude>
    <ClInclude Include="..\source\market\candle\candle.hpp">
      <Filter>source\market\candle</Filter>
    </ClInclude>
    <ClInclude Include="..\source\market\indicators\sma\sma.hpp">
      <Filter>source\market\indicators\sma</Filter>
    </ClInclude>
    <ClInclude Include="..\source\market\indicators\ema\ema.hpp">
      <Filter>source\market\indicators\ema</Filter>
    </ClInclude>
    <ClInclude Include="..\source\market\indicators\ama\ama.hpp">
      <Filter>source\market\indicators\ama</Filter>
    </ClInclude>
    <ClInclude Include="..\source\market\indicators\dema\dema.hpp">
      <Filter>source\market\indicators\dema</Filter>
    </ClInclude>
    <ClInclude Include="..\source\market\indicators\tema\tema.hpp">
      <Filter>source\market\indicators\tema</Filter>
    </ClInclude>
    <ClInclude Include="..\source\market\indicators\wma\wma.hpp">
      <Filter>source\market\indicators\wma</Filter>
    </ClInclude>
    <ClInclude Include="..\source\market\indicators\vwma\vwma.hpp">
      <Filter>source\market\indicators\vwma</Filter>
    </ClInclude>
    <ClInclude Include="..\source\market\oscillators\oscillators.hpp">
      <Filter>source\market\oscillators</Filter>
    </ClInclude>
    <ClInclude Include="..\source\market\oscillators\macd\macd.hpp">
      <Filter>source\market\oscillators\macd</Filter>
    </ClInclude>
    <ClInclude Include="..\source\market\oscillators\aroon\aroon.hpp">
      <Filter>source\market\oscillators\aroon</Filter>
    </ClInclude>
    <ClInclude Include="..\source\market\oscillators\cmo\cmo.hpp">
      <Filter>source\market\oscillators\cmo</Filter>
    </ClInclude>
    <ClInclude Include="..\source\market\oscillators\cci\cci.hpp">
      <Filter>source\market\oscillators\cci</Filter>
    </ClInclude>
    <ClInclude Include="..\source\market\oscillators\dmi\dmi.hpp">
      <Filter>source\market\oscillators\dmi</Filter>
    </ClInclude>
    <ClInclude Include="..\source\market\oscillators\emv\emv.hpp">
      <Filter>source\market\oscillators\emv</Filter>
    </ClInclude>
    <ClInclude Include="..\source\market\oscillators\eri\eri.hpp">
      <Filter>source\market\oscillators\eri</Filter>
    </ClInclude>
    <ClInclude Include="..\source\market\oscillators\efi\efi.hpp">
      <Filter>source\market\oscillators\efi</Filter>
    </ClInclude>
    <ClInclude Include="..\source\market\oscillators\cpc\cpc.hpp">
      <Filter>source\market\oscillators\cpc</Filter>
    </ClInclude>
    <ClInclude Include="..\source\market\indicators\bbs\bbs.hpp">
      <Filter>source\market\indicators\bbs</Filter>
    </ClInclude>
    <ClInclude Include="..\source\market\oscillators\kvo\kvo.hpp">
      <Filter>source\market\oscillators\kvo</Filter>
    </ClInclude>
    <ClInclude Include="..\source\market\oscillators\kst\kst.hpp">
      <Filter>source\market\oscillators\kst</Filter>
    </ClInclude>
    <ClInclude Include="..\source\market\oscillators\plo\plo.hpp">
      <Filter>source\market\oscillators\plo</Filter>
    </ClInclude>
  </ItemGroup>
</Project>