<?xml version="1.0" encoding="utf-8"?>
<Project ToolsVersion="4.0" xmlns="http://schemas.microsoft.com/developer/msbuild/2003">
  <ItemGroup>
    <Filter Include="source">
      <UniqueIdentifier>{20ef628a-29a3-460d-823e-a2378664c79b}</UniqueIdentifier>
    </Filter>
    <Filter Include="source\market">
      <UniqueIdentifier>{d7668682-f979-497e-9eec-59271dd165db}</UniqueIdentifier>
    </Filter>
    <Filter Include="source\market\source">
      <UniqueIdentifier>{29c65ed4-566b-40a4-b246-e54ac37d0f00}</UniqueIdentifier>
    </Filter>
    <Filter Include="source\logger">
      <UniqueIdentifier>{f444c8a7-0f39-4333-a2a1-18b773bb9827}</UniqueIdentifier>
    </Filter>
    <Filter Include="source\window">
      <UniqueIdentifier>{cea2ead0-e553-4a1e-8517-547f7ab03b18}</UniqueIdentifier>
    </Filter>
    <Filter Include="source\detail">
      <UniqueIdentifier>{1a03b87f-dd01-41db-a56f-60fe0441871b}</UniqueIdentifier>
    </Filter>
    <Filter Include="source\detail\lua">
      <UniqueIdentifier>{29131e66-c16e-4ffb-81bc-014f158ca67a}</UniqueIdentifier>
    </Filter>
    <Filter Include="source\detail\lua\types">
      <UniqueIdentifier>{ee3918f7-6e81-4caf-b0a7-cd3462bdf718}</UniqueIdentifier>
    </Filter>
  </ItemGroup>
  <ItemGroup>
    <ClCompile Include="..\source\market\market.cpp">
      <Filter>source\market</Filter>
    </ClCompile>
    <ClCompile Include="..\source\market\source\source.cpp">
      <Filter>source\market\source</Filter>
    </ClCompile>
    <ClCompile Include="..\..\shared\source\logger\logger.cpp">
      <Filter>source\logger</Filter>
    </ClCompile>
    <ClCompile Include="..\source\window\window.cpp">
      <Filter>source\window</Filter>
    </ClCompile>
    <ClCompile Include="..\source\export.cpp">
      <Filter>source</Filter>
    </ClCompile>
  </ItemGroup>
  <ItemGroup>
    <ClInclude Include="..\source\market\market.hpp">
      <Filter>source\market</Filter>
    </ClInclude>
    <ClInclude Include="..\source\market\source\source.hpp">
      <Filter>source\market\source</Filter>
    </ClInclude>
    <ClInclude Include="..\..\shared\source\logger\logger.hpp">
      <Filter>source\logger</Filter>
    </ClInclude>
    <ClInclude Include="..\source\window\window.hpp">
      <Filter>source\window</Filter>
    </ClInclude>
    <ClInclude Include="..\source\detail\lua\api.hpp">
      <Filter>source\detail\lua</Filter>
    </ClInclude>
    <ClInclude Include="..\source\detail\lua\entity.hpp">
      <Filter>source\detail\lua</Filter>
    </ClInclude>
    <ClInclude Include="..\source\detail\lua\general.hpp">
      <Filter>source\detail\lua</Filter>
    </ClInclude>
    <ClInclude Include="..\source\detail\lua\state.hpp">
      <Filter>source\detail\lua</Filter>
    </ClInclude>
    <ClInclude Include="..\source\detail\lua\tables.hpp">
      <Filter>source\detail\lua</Filter>
    </ClInclude>
    <ClInclude Include="..\source\detail\lua\types\boolean.hpp">
      <Filter>source\detail\lua\types</Filter>
    </ClInclude>
    <ClInclude Include="..\source\detail\lua\types\integer.hpp">
      <Filter>source\detail\lua\types</Filter>
    </ClInclude>
    <ClInclude Include="..\source\detail\lua\types\pointer.hpp">
      <Filter>source\detail\lua\types</Filter>
    </ClInclude>
    <ClInclude Include="..\source\detail\lua\types\real.hpp">
      <Filter>source\detail\lua\types</Filter>
    </ClInclude>
    <ClInclude Include="..\source\detail\lua\types\string.hpp">
      <Filter>source\detail\lua\types</Filter>
    </ClInclude>
    <ClInclude Include="..\source\detail\lua\types\table_field.hpp">
      <Filter>source\detail\lua\types</Filter>
    </ClInclude>
    <ClInclude Include="..\source\detail\lua\adapter.hpp">
      <Filter>source\detail\lua</Filter>
    </ClInclude>
  </ItemGroup>
</Project>